
Microsoft Visual Studio Solution File, Format Version 12.00
# Visual Studio Version 17
VisualStudioVersion = 17.11.35327.3
MinimumVisualStudioVersion = 10.0.40219.1
Project("{FAE04EC0-301F-11D3-BF4B-00C04F79EFBC}") = "Day-2-ADO Data adapter (SchoolDB)", "Day-2-ADO Data adapter (SchoolDB)\Day-2-ADO Data adapter (SchoolDB).csproj", "{7CE79BC1-61E3-4C60-AAED-19DDB4066064}"
EndProject
Global
	GlobalSection(SolutionConfigurationPlatforms) = preSolution
		Debug|Any CPU = Debug|Any CPU
		Release|Any CPU = Release|Any CPU
	EndGlobalSection
	GlobalSection(ProjectConfigurationPlatforms) = postSolution
		{7CE79BC1-61E3-4C60-AAED-19DDB4066064}.Debug|Any CPU.ActiveCfg = Debug|Any CPU
		{7CE79BC1-61E3-4C60-AAED-19DDB4066064}.Debug|Any CPU.Build.0 = Debug|Any CPU
		{7CE79BC1-61E3-4C60-AAED-19DDB4066064}.Release|Any CPU.ActiveCfg = Release|Any CPU
		{7CE79BC1-61E3-4C60-AAED-19DDB4066064}.Release|Any CPU.Build.0 = Release|Any CPU
	EndGlobalSection
	GlobalSection(SolutionProperties) = preSolution
		HideSolutionNode = FALSE
	EndGlobalSection
	GlobalSection(ExtensibilityGlobals) = postSolution
		SolutionGuid = {DC996AC2-9496-49E3-906C-2A40199CE6FA}
	EndGlobalSection
EndGlobal
